
Microsoft Visual Studio Solution File, Format Version 12.00
# Visual Studio 15
VisualStudioVersion = 15.0.28307.1022
MinimumVisualStudioVersion = 10.0.40219.1
Project("{FAE04EC0-301F-11D3-BF4B-00C04F79EFBC}") = "programa_5_practica_4", "programa_5_practica_4\programa_5_practica_4.csproj", "{97D50EE4-328B-480E-BEC3-A8FB7DB7D676}"
EndProject
Global
	GlobalSection(SolutionConfigurationPlatforms) = preSolution
		Debug|Any CPU = Debug|Any CPU
		Release|Any CPU = Release|Any CPU
	EndGlobalSection
	GlobalSection(ProjectConfigurationPlatforms) = postSolution
		{97D50EE4-328B-480E-BEC3-A8FB7DB7D676}.Debug|Any CPU.ActiveCfg = Debug|Any CPU
		{97D50EE4-328B-480E-BEC3-A8FB7DB7D676}.Debug|Any CPU.Build.0 = Debug|Any CPU
		{97D50EE4-328B-480E-BEC3-A8FB7DB7D676}.Release|Any CPU.ActiveCfg = Release|Any CPU
		{97D50EE4-328B-480E-BEC3-A8FB7DB7D676}.Release|Any CPU.Build.0 = Release|Any CPU
	EndGlobalSection
	GlobalSection(SolutionProperties) = preSolution
		HideSolutionNode = FALSE
	EndGlobalSection
	GlobalSection(ExtensibilityGlobals) = postSolution
		SolutionGuid = {113AF65A-0CB4-41A5-BF0E-1E0400AB0627}
	EndGlobalSection
EndGlobal
